
Microsoft Visual Studio Solution File, Format Version 12.00
# Visual Studio 15
VisualStudioVersion = 15.0.28010.2016
MinimumVisualStudioVersion = 10.0.40219.1
Project("{8BC9CEB8-8B4A-11D0-8D11-00A0C91BC942}") = "4.6", "4.6\4.6.vcxproj", "{6FBFF596-F15F-4E87-8AE4-53C070340427}"
EndProject
Global
	GlobalSection(SolutionConfigurationPlatforms) = preSolution
		Debug|x64 = Debug|x64
		Debug|x86 = Debug|x86
		Release|x64 = Release|x64
		Release|x86 = Release|x86
	EndGlobalSection
	GlobalSection(ProjectConfigurationPlatforms) = postSolution
		{6FBFF596-F15F-4E87-8AE4-53C070340427}.Debug|x64.ActiveCfg = Debug|x64
		{6FBFF596-F15F-4E87-8AE4-53C070340427}.Debug|x64.Build.0 = Debug|x64
		{6FBFF596-F15F-4E87-8AE4-53C070340427}.Debug|x86.ActiveCfg = Debug|Win32
		{6FBFF596-F15F-4E87-8AE4-53C070340427}.Debug|x86.Build.0 = Debug|Win32
		{6FBFF596-F15F-4E87-8AE4-53C070340427}.Release|x64.ActiveCfg = Release|x64
		{6FBFF596-F15F-4E87-8AE4-53C070340427}.Release|x64.Build.0 = Release|x64
		{6FBFF596-F15F-4E87-8AE4-53C070340427}.Release|x86.ActiveCfg = Release|Win32
		{6FBFF596-F15F-4E87-8AE4-53C070340427}.Release|x86.Build.0 = Release|Win32
	EndGlobalSection
	GlobalSection(SolutionProperties) = preSolution
		HideSolutionNode = FALSE
	EndGlobalSection
	GlobalSection(ExtensibilityGlobals) = postSolution
		SolutionGuid = {CFA70FB1-A48D-4E40-B9F0-B93B1420E921}
	EndGlobalSection
EndGlobal
