
Microsoft Visual Studio Solution File, Format Version 12.00
# Visual Studio 15
VisualStudioVersion = 15.0.28010.2016
MinimumVisualStudioVersion = 10.0.40219.1
Project("{8BC9CEB8-8B4A-11D0-8D11-00A0C91BC942}") = "程序二", "程序二\程序二.vcxproj", "{5413A61C-9188-461C-B929-0EEEBD5324DF}"
EndProject
Global
	GlobalSection(SolutionConfigurationPlatforms) = preSolution
		Debug|x64 = Debug|x64
		Debug|x86 = Debug|x86
		Release|x64 = Release|x64
		Release|x86 = Release|x86
	EndGlobalSection
	GlobalSection(ProjectConfigurationPlatforms) = postSolution
		{5413A61C-9188-461C-B929-0EEEBD5324DF}.Debug|x64.ActiveCfg = Debug|x64
		{5413A61C-9188-461C-B929-0EEEBD5324DF}.Debug|x64.Build.0 = Debug|x64
		{5413A61C-9188-461C-B929-0EEEBD5324DF}.Debug|x86.ActiveCfg = Debug|Win32
		{5413A61C-9188-461C-B929-0EEEBD5324DF}.Debug|x86.Build.0 = Debug|Win32
		{5413A61C-9188-461C-B929-0EEEBD5324DF}.Release|x64.ActiveCfg = Release|x64
		{5413A61C-9188-461C-B929-0EEEBD5324DF}.Release|x64.Build.0 = Release|x64
		{5413A61C-9188-461C-B929-0EEEBD5324DF}.Release|x86.ActiveCfg = Release|Win32
		{5413A61C-9188-461C-B929-0EEEBD5324DF}.Release|x86.Build.0 = Release|Win32
	EndGlobalSection
	GlobalSection(SolutionProperties) = preSolution
		HideSolutionNode = FALSE
	EndGlobalSection
	GlobalSection(ExtensibilityGlobals) = postSolution
		SolutionGuid = {2A5F14F9-4DB8-4E46-B541-CC7CF35D9E4D}
	EndGlobalSection
EndGlobal
