
Microsoft Visual Studio Solution File, Format Version 12.00
# Visual Studio 15
VisualStudioVersion = 15.0.28010.2026
MinimumVisualStudioVersion = 10.0.40219.1
Project("{8BC9CEB8-8B4A-11D0-8D11-00A0C91BC942}") = "Project2-4", "Project2-4\Project2-4.vcxproj", "{E793B44C-2FD4-47F5-95E9-93F48D413AB9}"
EndProject
Global
	GlobalSection(SolutionConfigurationPlatforms) = preSolution
		Debug|x64 = Debug|x64
		Debug|x86 = Debug|x86
		Release|x64 = Release|x64
		Release|x86 = Release|x86
	EndGlobalSection
	GlobalSection(ProjectConfigurationPlatforms) = postSolution
		{E793B44C-2FD4-47F5-95E9-93F48D413AB9}.Debug|x64.ActiveCfg = Debug|x64
		{E793B44C-2FD4-47F5-95E9-93F48D413AB9}.Debug|x64.Build.0 = Debug|x64
		{E793B44C-2FD4-47F5-95E9-93F48D413AB9}.Debug|x86.ActiveCfg = Debug|Win32
		{E793B44C-2FD4-47F5-95E9-93F48D413AB9}.Debug|x86.Build.0 = Debug|Win32
		{E793B44C-2FD4-47F5-95E9-93F48D413AB9}.Release|x64.ActiveCfg = Release|x64
		{E793B44C-2FD4-47F5-95E9-93F48D413AB9}.Release|x64.Build.0 = Release|x64
		{E793B44C-2FD4-47F5-95E9-93F48D413AB9}.Release|x86.ActiveCfg = Release|Win32
		{E793B44C-2FD4-47F5-95E9-93F48D413AB9}.Release|x86.Build.0 = Release|Win32
	EndGlobalSection
	GlobalSection(SolutionProperties) = preSolution
		HideSolutionNode = FALSE
	EndGlobalSection
	GlobalSection(ExtensibilityGlobals) = postSolution
		SolutionGuid = {1C94DA53-12E2-4E37-87FF-EAAECF78B938}
	EndGlobalSection
EndGlobal
