
Microsoft Visual Studio Solution File, Format Version 12.00
# Visual Studio 15
VisualStudioVersion = 15.0.28010.2016
MinimumVisualStudioVersion = 10.0.40219.1
Project("{8BC9CEB8-8B4A-11D0-8D11-00A0C91BC942}") = "学生信息管理系统", "学生信息管理系统\学生信息管理系统.vcxproj", "{FB90AB97-04A7-4F14-B0BE-C3D488B2E98D}"
EndProject
Global
	GlobalSection(SolutionConfigurationPlatforms) = preSolution
		Debug|x64 = Debug|x64
		Debug|x86 = Debug|x86
		Release|x64 = Release|x64
		Release|x86 = Release|x86
	EndGlobalSection
	GlobalSection(ProjectConfigurationPlatforms) = postSolution
		{FB90AB97-04A7-4F14-B0BE-C3D488B2E98D}.Debug|x64.ActiveCfg = Debug|x64
		{FB90AB97-04A7-4F14-B0BE-C3D488B2E98D}.Debug|x64.Build.0 = Debug|x64
		{FB90AB97-04A7-4F14-B0BE-C3D488B2E98D}.Debug|x86.ActiveCfg = Debug|Win32
		{FB90AB97-04A7-4F14-B0BE-C3D488B2E98D}.Debug|x86.Build.0 = Debug|Win32
		{FB90AB97-04A7-4F14-B0BE-C3D488B2E98D}.Release|x64.ActiveCfg = Release|x64
		{FB90AB97-04A7-4F14-B0BE-C3D488B2E98D}.Release|x64.Build.0 = Release|x64
		{FB90AB97-04A7-4F14-B0BE-C3D488B2E98D}.Release|x86.ActiveCfg = Release|Win32
		{FB90AB97-04A7-4F14-B0BE-C3D488B2E98D}.Release|x86.Build.0 = Release|Win32
	EndGlobalSection
	GlobalSection(SolutionProperties) = preSolution
		HideSolutionNode = FALSE
	EndGlobalSection
	GlobalSection(ExtensibilityGlobals) = postSolution
		SolutionGuid = {C69BA6B3-79CE-451F-B1D4-4CA327954E83}
	EndGlobalSection
EndGlobal
