
Microsoft Visual Studio Solution File, Format Version 12.00
# Visual Studio 15
VisualStudioVersion = 15.0.28010.2016
MinimumVisualStudioVersion = 10.0.40219.1
Project("{8BC9CEB8-8B4A-11D0-8D11-00A0C91BC942}") = "4.5", "4.5\4.5.vcxproj", "{EEF6B1A6-CAD6-4662-889E-00E3BFE65C62}"
EndProject
Global
	GlobalSection(SolutionConfigurationPlatforms) = preSolution
		Debug|x64 = Debug|x64
		Debug|x86 = Debug|x86
		Release|x64 = Release|x64
		Release|x86 = Release|x86
	EndGlobalSection
	GlobalSection(ProjectConfigurationPlatforms) = postSolution
		{EEF6B1A6-CAD6-4662-889E-00E3BFE65C62}.Debug|x64.ActiveCfg = Debug|x64
		{EEF6B1A6-CAD6-4662-889E-00E3BFE65C62}.Debug|x64.Build.0 = Debug|x64
		{EEF6B1A6-CAD6-4662-889E-00E3BFE65C62}.Debug|x86.ActiveCfg = Debug|Win32
		{EEF6B1A6-CAD6-4662-889E-00E3BFE65C62}.Debug|x86.Build.0 = Debug|Win32
		{EEF6B1A6-CAD6-4662-889E-00E3BFE65C62}.Release|x64.ActiveCfg = Release|x64
		{EEF6B1A6-CAD6-4662-889E-00E3BFE65C62}.Release|x64.Build.0 = Release|x64
		{EEF6B1A6-CAD6-4662-889E-00E3BFE65C62}.Release|x86.ActiveCfg = Release|Win32
		{EEF6B1A6-CAD6-4662-889E-00E3BFE65C62}.Release|x86.Build.0 = Release|Win32
	EndGlobalSection
	GlobalSection(SolutionProperties) = preSolution
		HideSolutionNode = FALSE
	EndGlobalSection
	GlobalSection(ExtensibilityGlobals) = postSolution
		SolutionGuid = {A1B469F4-491C-489A-91BE-AFA51F7E9558}
	EndGlobalSection
EndGlobal
