
Microsoft Visual Studio Solution File, Format Version 12.00
# Visual Studio 15
VisualStudioVersion = 15.0.28010.2016
MinimumVisualStudioVersion = 10.0.40219.1
Project("{8BC9CEB8-8B4A-11D0-8D11-00A0C91BC942}") = "4.4", "4.4\4.4.vcxproj", "{C9C0CA2B-F7A5-41CF-9C45-261FB735DA10}"
EndProject
Global
	GlobalSection(SolutionConfigurationPlatforms) = preSolution
		Debug|x64 = Debug|x64
		Debug|x86 = Debug|x86
		Release|x64 = Release|x64
		Release|x86 = Release|x86
	EndGlobalSection
	GlobalSection(ProjectConfigurationPlatforms) = postSolution
		{C9C0CA2B-F7A5-41CF-9C45-261FB735DA10}.Debug|x64.ActiveCfg = Debug|x64
		{C9C0CA2B-F7A5-41CF-9C45-261FB735DA10}.Debug|x64.Build.0 = Debug|x64
		{C9C0CA2B-F7A5-41CF-9C45-261FB735DA10}.Debug|x86.ActiveCfg = Debug|Win32
		{C9C0CA2B-F7A5-41CF-9C45-261FB735DA10}.Debug|x86.Build.0 = Debug|Win32
		{C9C0CA2B-F7A5-41CF-9C45-261FB735DA10}.Release|x64.ActiveCfg = Release|x64
		{C9C0CA2B-F7A5-41CF-9C45-261FB735DA10}.Release|x64.Build.0 = Release|x64
		{C9C0CA2B-F7A5-41CF-9C45-261FB735DA10}.Release|x86.ActiveCfg = Release|Win32
		{C9C0CA2B-F7A5-41CF-9C45-261FB735DA10}.Release|x86.Build.0 = Release|Win32
	EndGlobalSection
	GlobalSection(SolutionProperties) = preSolution
		HideSolutionNode = FALSE
	EndGlobalSection
	GlobalSection(ExtensibilityGlobals) = postSolution
		SolutionGuid = {B704B032-3E05-43A4-BA2C-C91A7F99ACC7}
	EndGlobalSection
EndGlobal
